<?xml version="1.0" encoding="utf-8"?>
<Project ToolsVersion="4.0" xmlns="http://schemas.microsoft.com/developer/msbuild/2003">
  <ItemGroup>
    <Filter Include="HelloEngine">
      <UniqueIdentifier>{4F9A62DF-BB4F-DBD4-4444-D5ABB0F8D1D8}</UniqueIdentifier>
    </Filter>
    <Filter Include="HelloEngine\Events">
      <UniqueIdentifier>{53B7F7CA-3F9B-B820-A8FB-B27394FEA2A2}</UniqueIdentifier>
    </Filter>
    <Filter Include="HelloEngine\ImGui">
      <UniqueIdentifier>{B94EAF1D-2565-ADB3-6EDC-38D5DA317E3B}</UniqueIdentifier>
    </Filter>
    <Filter Include="Platform">
      <UniqueIdentifier>{2AC788B4-1694-E3BF-3FAD-D1672BD9184E}</UniqueIdentifier>
    </Filter>
    <Filter Include="Platform\OpenGL">
      <UniqueIdentifier>{1E7D2C1D-8A08-9AE1-9319-1DD6FF23F6E1}</UniqueIdentifier>
    </Filter>
    <Filter Include="Platform\Windows">
      <UniqueIdentifier>{64FBD71A-50F4-F66C-7926-DCF1657ED678}</UniqueIdentifier>
    </Filter>
  </ItemGroup>
  <ItemGroup>
    <ClInclude Include="src\HelloEngine.h" />
    <ClInclude Include="src\HelloEngine\Application.h">
      <Filter>HelloEngine</Filter>
    </ClInclude>
    <ClInclude Include="src\HelloEngine\Core.h">
      <Filter>HelloEngine</Filter>
    </ClInclude>
    <ClInclude Include="src\HelloEngine\EntryPoint.h">
      <Filter>HelloEngine</Filter>
    </ClInclude>
    <ClInclude Include="src\HelloEngine\Events\ApplicationEvent.h">
      <Filter>HelloEngine\Events</Filter>
    </ClInclude>
    <ClInclude Include="src\HelloEngine\Events\Event.h">
      <Filter>HelloEngine\Events</Filter>
    </ClInclude>
    <ClInclude Include="src\HelloEngine\Events\KeyEvent.h">
      <Filter>HelloEngine\Events</Filter>
    </ClInclude>
    <ClInclude Include="src\HelloEngine\Events\MouseEvent.h">
      <Filter>HelloEngine\Events</Filter>
    </ClInclude>
    <ClInclude Include="src\HelloEngine\ImGui\ImGuiLayer.h">
      <Filter>HelloEngine\ImGui</Filter>
    </ClInclude>
    <ClInclude Include="src\HelloEngine\Layer.h">
      <Filter>HelloEngine</Filter>
    </ClInclude>
    <ClInclude Include="src\HelloEngine\LayerStack.h">
      <Filter>HelloEngine</Filter>
    </ClInclude>
    <ClInclude Include="src\HelloEngine\Log.h">
      <Filter>HelloEngine</Filter>
    </ClInclude>
    <ClInclude Include="src\HelloEngine\Window.h">
      <Filter>HelloEngine</Filter>
    </ClInclude>
    <ClInclude Include="src\Platform\OpenGL\ImGuiOpenGLRenderer.h">
      <Filter>Platform\OpenGL</Filter>
    </ClInclude>
    <ClInclude Include="src\Platform\Windows\WindowsWindow.h">
      <Filter>Platform\Windows</Filter>
    </ClInclude>
    <ClInclude Include="src\hepch.h" />
    <ClInclude Include="src\HelloEngine\Input.h" />
    <ClInclude Include="src\Platform\Windows\WindowsInput.h" />
    <ClInclude Include="src\HelloEngine\KeyCodes.h" />
    <ClInclude Include="src\HelloEngine\MouseButtonCodes.h" />
  </ItemGroup>
  <ItemGroup>
    <ClCompile Include="src\HelloEngine\Application.cpp">
      <Filter>HelloEngine</Filter>
    </ClCompile>
    <ClCompile Include="src\HelloEngine\ImGui\ImGuiLayer.cpp">
      <Filter>HelloEngine\ImGui</Filter>
    </ClCompile>
    <ClCompile Include="src\HelloEngine\Layer.cpp">
      <Filter>HelloEngine</Filter>
    </ClCompile>
    <ClCompile Include="src\HelloEngine\LayerStack.cpp">
      <Filter>HelloEngine</Filter>
    </ClCompile>
    <ClCompile Include="src\HelloEngine\Log.cpp">
      <Filter>HelloEngine</Filter>
    </ClCompile>
    <ClCompile Include="src\Platform\OpenGL\ImGuiOpenGLRenderer.cpp">
      <Filter>Platform\OpenGL</Filter>
    </ClCompile>
    <ClCompile Include="src\Platform\Windows\WindowsWindow.cpp">
      <Filter>Platform\Windows</Filter>
    </ClCompile>
    <ClCompile Include="src\hepch.cpp" />
    <ClCompile Include="src\Platform\Windows\WindowsInput.cpp" />
  </ItemGroup>
</Project>